{
  "name": "discord_bots",
  "version": "1.0.0",
  "lockfileVersion": 1,
  "dependencies": {
    "asyncawait": {
      "version": "1.0.6",
      "resolved": "https://registry.npmjs.org/asyncawait/-/asyncawait-1.0.6.tgz",
      "integrity": "sha1-5EbPVOUWpBbXQju+Nb8LTitzi2c="
    },
    "bluebird": {
      "version": "3.5.0",
      "resolved": "https://registry.npmjs.org/bluebird/-/bluebird-3.5.0.tgz",
      "integrity": "sha1-eRQg1/VR7qKJdFOop3ZT+WYG1nw="
    },
    "danbooru": {
      "version": "2.0.3",
      "resolved": "https://registry.npmjs.org/danbooru/-/danbooru-2.0.3.tgz",
      "integrity": "sha1-sAwl7yWnQZkHiTpNSCQqyzUvLyQ="
    },
    "fibers": {
      "version": "1.0.15",
      "resolved": "https://registry.npmjs.org/fibers/-/fibers-1.0.15.tgz",
      "integrity": "sha1-IvA5yPGLhWGQ+75N7PBWFUwerpw="
    },
    "lodash": {
      "version": "3.10.1",
      "resolved": "https://registry.npmjs.org/lodash/-/lodash-3.10.1.tgz",
      "integrity": "sha1-W/Rejkm6QYnhfUgnid/RW9FAt7Y="
    }
  }
}
